
Microsoft Visual Studio Solution File, Format Version 12.00
# Visual Studio Version 17
VisualStudioVersion = 17.2.32630.192
MinimumVisualStudioVersion = 10.0.40219.1
Project("{FAE04EC0-301F-11D3-BF4B-00C04F79EFBC}") = "q3", "q3\q3.csproj", "{64D23868-B2C5-4D8F-B739-DA4E7D85F710}"
EndProject
Global
	GlobalSection(SolutionConfigurationPlatforms) = preSolution
		Debug|Any CPU = Debug|Any CPU
		Release|Any CPU = Release|Any CPU
	EndGlobalSection
	GlobalSection(ProjectConfigurationPlatforms) = postSolution
		{64D23868-B2C5-4D8F-B739-DA4E7D85F710}.Debug|Any CPU.ActiveCfg = Debug|Any CPU
		{64D23868-B2C5-4D8F-B739-DA4E7D85F710}.Debug|Any CPU.Build.0 = Debug|Any CPU
		{64D23868-B2C5-4D8F-B739-DA4E7D85F710}.Release|Any CPU.ActiveCfg = Release|Any CPU
		{64D23868-B2C5-4D8F-B739-DA4E7D85F710}.Release|Any CPU.Build.0 = Release|Any CPU
	EndGlobalSection
	GlobalSection(SolutionProperties) = preSolution
		HideSolutionNode = FALSE
	EndGlobalSection
	GlobalSection(ExtensibilityGlobals) = postSolution
		SolutionGuid = {45E7C82C-CBA1-4D4E-A518-6B8D4B356738}
	EndGlobalSection
EndGlobal
