
Microsoft Visual Studio Solution File, Format Version 12.00
# Visual Studio Version 17
VisualStudioVersion = 17.2.32630.192
MinimumVisualStudioVersion = 10.0.40219.1
Project("{FAE04EC0-301F-11D3-BF4B-00C04F79EFBC}") = "day5_sqlassignment", "day5_sqlassignment\day5_sqlassignment.csproj", "{03574D63-1DAD-427E-8014-4A4EF4146BA7}"
EndProject
Global
	GlobalSection(SolutionConfigurationPlatforms) = preSolution
		Debug|Any CPU = Debug|Any CPU
		Release|Any CPU = Release|Any CPU
	EndGlobalSection
	GlobalSection(ProjectConfigurationPlatforms) = postSolution
		{03574D63-1DAD-427E-8014-4A4EF4146BA7}.Debug|Any CPU.ActiveCfg = Debug|Any CPU
		{03574D63-1DAD-427E-8014-4A4EF4146BA7}.Debug|Any CPU.Build.0 = Debug|Any CPU
		{03574D63-1DAD-427E-8014-4A4EF4146BA7}.Release|Any CPU.ActiveCfg = Release|Any CPU
		{03574D63-1DAD-427E-8014-4A4EF4146BA7}.Release|Any CPU.Build.0 = Release|Any CPU
	EndGlobalSection
	GlobalSection(SolutionProperties) = preSolution
		HideSolutionNode = FALSE
	EndGlobalSection
	GlobalSection(ExtensibilityGlobals) = postSolution
		SolutionGuid = {4E89A6C6-DA26-4965-AFAD-7854B0164AD2}
	EndGlobalSection
EndGlobal
