
Microsoft Visual Studio Solution File, Format Version 12.00
# Visual Studio Version 17
VisualStudioVersion = 17.2.32630.192
MinimumVisualStudioVersion = 10.0.40219.1
Project("{FAE04EC0-301F-11D3-BF4B-00C04F79EFBC}") = "tutorials", "tutorials\tutorials.csproj", "{079D4FFB-4A65-4F75-9FE3-8BE178E5E19B}"
EndProject
Global
	GlobalSection(SolutionConfigurationPlatforms) = preSolution
		Debug|Any CPU = Debug|Any CPU
		Release|Any CPU = Release|Any CPU
	EndGlobalSection
	GlobalSection(ProjectConfigurationPlatforms) = postSolution
		{079D4FFB-4A65-4F75-9FE3-8BE178E5E19B}.Debug|Any CPU.ActiveCfg = Debug|Any CPU
		{079D4FFB-4A65-4F75-9FE3-8BE178E5E19B}.Debug|Any CPU.Build.0 = Debug|Any CPU
		{079D4FFB-4A65-4F75-9FE3-8BE178E5E19B}.Release|Any CPU.ActiveCfg = Release|Any CPU
		{079D4FFB-4A65-4F75-9FE3-8BE178E5E19B}.Release|Any CPU.Build.0 = Release|Any CPU
	EndGlobalSection
	GlobalSection(SolutionProperties) = preSolution
		HideSolutionNode = FALSE
	EndGlobalSection
	GlobalSection(ExtensibilityGlobals) = postSolution
		SolutionGuid = {92F53182-2170-4FED-9C15-B37D9A4A6008}
	EndGlobalSection
EndGlobal
