
Microsoft Visual Studio Solution File, Format Version 12.00
# Visual Studio Version 17
VisualStudioVersion = 17.2.32630.192
MinimumVisualStudioVersion = 10.0.40219.1
Project("{FAE04EC0-301F-11D3-BF4B-00C04F79EFBC}") = "11-08-2022Assignment", "11-08-2022Assignment\11-08-2022Assignment.csproj", "{5B2975A4-1B87-47D3-8D48-A41F44F80410}"
EndProject
Global
	GlobalSection(SolutionConfigurationPlatforms) = preSolution
		Debug|Any CPU = Debug|Any CPU
		Release|Any CPU = Release|Any CPU
	EndGlobalSection
	GlobalSection(ProjectConfigurationPlatforms) = postSolution
		{5B2975A4-1B87-47D3-8D48-A41F44F80410}.Debug|Any CPU.ActiveCfg = Debug|Any CPU
		{5B2975A4-1B87-47D3-8D48-A41F44F80410}.Debug|Any CPU.Build.0 = Debug|Any CPU
		{5B2975A4-1B87-47D3-8D48-A41F44F80410}.Release|Any CPU.ActiveCfg = Release|Any CPU
		{5B2975A4-1B87-47D3-8D48-A41F44F80410}.Release|Any CPU.Build.0 = Release|Any CPU
	EndGlobalSection
	GlobalSection(SolutionProperties) = preSolution
		HideSolutionNode = FALSE
	EndGlobalSection
	GlobalSection(ExtensibilityGlobals) = postSolution
		SolutionGuid = {FCC73139-5B36-405C-9AF6-8DE70161AB68}
	EndGlobalSection
EndGlobal
