
Microsoft Visual Studio Solution File, Format Version 12.00
# Visual Studio Version 17
VisualStudioVersion = 17.2.32630.192
MinimumVisualStudioVersion = 10.0.40219.1
Project("{FAE04EC0-301F-11D3-BF4B-00C04F79EFBC}") = "Likitha1", "Likitha1\Likitha1.csproj", "{1647115F-F6D1-46A6-B919-4CC2577963C5}"
EndProject
Global
	GlobalSection(SolutionConfigurationPlatforms) = preSolution
		Debug|Any CPU = Debug|Any CPU
		Release|Any CPU = Release|Any CPU
	EndGlobalSection
	GlobalSection(ProjectConfigurationPlatforms) = postSolution
		{1647115F-F6D1-46A6-B919-4CC2577963C5}.Debug|Any CPU.ActiveCfg = Debug|Any CPU
		{1647115F-F6D1-46A6-B919-4CC2577963C5}.Debug|Any CPU.Build.0 = Debug|Any CPU
		{1647115F-F6D1-46A6-B919-4CC2577963C5}.Release|Any CPU.ActiveCfg = Release|Any CPU
		{1647115F-F6D1-46A6-B919-4CC2577963C5}.Release|Any CPU.Build.0 = Release|Any CPU
	EndGlobalSection
	GlobalSection(SolutionProperties) = preSolution
		HideSolutionNode = FALSE
	EndGlobalSection
	GlobalSection(ExtensibilityGlobals) = postSolution
		SolutionGuid = {C56E0255-316D-4DE3-9CDD-C2610B99FD08}
	EndGlobalSection
EndGlobal
