
Microsoft Visual Studio Solution File, Format Version 12.00
# Visual Studio Version 17
VisualStudioVersion = 17.2.32630.192
MinimumVisualStudioVersion = 10.0.40219.1
Project("{FAE04EC0-301F-11D3-BF4B-00C04F79EFBC}") = "25-08-2022", "25-08-2022\25-08-2022.csproj", "{C9775011-A3FA-4B22-AFA3-813BEFDCE2BF}"
EndProject
Global
	GlobalSection(SolutionConfigurationPlatforms) = preSolution
		Debug|Any CPU = Debug|Any CPU
		Release|Any CPU = Release|Any CPU
	EndGlobalSection
	GlobalSection(ProjectConfigurationPlatforms) = postSolution
		{C9775011-A3FA-4B22-AFA3-813BEFDCE2BF}.Debug|Any CPU.ActiveCfg = Debug|Any CPU
		{C9775011-A3FA-4B22-AFA3-813BEFDCE2BF}.Debug|Any CPU.Build.0 = Debug|Any CPU
		{C9775011-A3FA-4B22-AFA3-813BEFDCE2BF}.Release|Any CPU.ActiveCfg = Release|Any CPU
		{C9775011-A3FA-4B22-AFA3-813BEFDCE2BF}.Release|Any CPU.Build.0 = Release|Any CPU
	EndGlobalSection
	GlobalSection(SolutionProperties) = preSolution
		HideSolutionNode = FALSE
	EndGlobalSection
	GlobalSection(ExtensibilityGlobals) = postSolution
		SolutionGuid = {AFC4573F-44A1-490C-AA7E-3D049B45B7A6}
	EndGlobalSection
EndGlobal
