
Microsoft Visual Studio Solution File, Format Version 12.00
# Visual Studio Version 17
VisualStudioVersion = 17.2.32630.192
MinimumVisualStudioVersion = 10.0.40219.1
Project("{FAE04EC0-301F-11D3-BF4B-00C04F79EFBC}") = "Cs3", "Cs3\Cs3.csproj", "{F9F67E2F-A5D9-4FF6-AAD1-E6C6A0C43B44}"
EndProject
Global
	GlobalSection(SolutionConfigurationPlatforms) = preSolution
		Debug|Any CPU = Debug|Any CPU
		Release|Any CPU = Release|Any CPU
	EndGlobalSection
	GlobalSection(ProjectConfigurationPlatforms) = postSolution
		{F9F67E2F-A5D9-4FF6-AAD1-E6C6A0C43B44}.Debug|Any CPU.ActiveCfg = Debug|Any CPU
		{F9F67E2F-A5D9-4FF6-AAD1-E6C6A0C43B44}.Debug|Any CPU.Build.0 = Debug|Any CPU
		{F9F67E2F-A5D9-4FF6-AAD1-E6C6A0C43B44}.Release|Any CPU.ActiveCfg = Release|Any CPU
		{F9F67E2F-A5D9-4FF6-AAD1-E6C6A0C43B44}.Release|Any CPU.Build.0 = Release|Any CPU
	EndGlobalSection
	GlobalSection(SolutionProperties) = preSolution
		HideSolutionNode = FALSE
	EndGlobalSection
	GlobalSection(ExtensibilityGlobals) = postSolution
		SolutionGuid = {5DCCF1CF-9D04-4BD6-8DB4-E83F414C6B88}
	EndGlobalSection
EndGlobal
